// !$*UTF8*$!
{
	archiveVersion = 1;
	classes = {
	};
	objectVersion = 50;
	objects = {

/* Begin PBXBuildFile section */
		6300AA4622CE708E00D13B66 /* Team.swift in Sources */ = {isa = PBXBuildFile; fileRef = 6300AA4522CE708E00D13B66 /* Team.swift */; };
		63A3275222C3F4A400F7D149 /* Squad.swift in Sources */ = {isa = PBXBuildFile; fileRef = 63A3275122C3F4A400F7D149 /* Squad.swift */; };
		63B2052F22A6F6B5006957C2 /* Player.swift in Sources */ = {isa = PBXBuildFile; fileRef = 63B2052E22A6F6B5006957C2 /* Player.swift */; };
		63B2BB9D22A6F90900FCC064 /* Optimizer.swift in Sources */ = {isa = PBXBuildFile; fileRef = 63B2BB9C22A6F90900FCC064 /* Optimizer.swift */; };
		63C1C6F322A6F4CC00DAB1E6 /* Position.swift in Sources */ = {isa = PBXBuildFile; fileRef = 63C1C6F222A6F4CC00DAB1E6 /* Position.swift */; };
		63D6B36C22D7CB0500F82F77 /* Transfer.swift in Sources */ = {isa = PBXBuildFile; fileRef = 63D6B36B22D7CB0500F82F77 /* Transfer.swift */; };
		63F3661C22A40D620005FCC0 /* main.swift in Sources */ = {isa = PBXBuildFile; fileRef = 63F3661B22A40D620005FCC0 /* main.swift */; };
		63F3662522A40DA00005FCC0 /* Prediction.swift in Sources */ = {isa = PBXBuildFile; fileRef = 63F3662422A40DA00005FCC0 /* Prediction.swift */; };
/* End PBXBuildFile section */

/* Begin PBXCopyFilesBuildPhase section */
		63F3661622A40D620005FCC0 /* CopyFiles */ = {
			isa = PBXCopyFilesBuildPhase;
			buildActionMask = 2147483647;
			dstPath = /usr/share/man/man1/;
			dstSubfolderSpec = 0;
			files = (
			);
			runOnlyForDeploymentPostprocessing = 1;
		};
/* End PBXCopyFilesBuildPhase section */

/* Begin PBXFileReference section */
		6300AA4522CE708E00D13B66 /* Team.swift */ = {isa = PBXFileReference; fileEncoding = 4; lastKnownFileType = sourcecode.swift; path = Team.swift; sourceTree = "<group>"; };
		63A3275122C3F4A400F7D149 /* Squad.swift */ = {isa = PBXFileReference; lastKnownFileType = sourcecode.swift; path = Squad.swift; sourceTree = "<group>"; };
		63B2052E22A6F6B5006957C2 /* Player.swift */ = {isa = PBXFileReference; lastKnownFileType = sourcecode.swift; path = Player.swift; sourceTree = "<group>"; };
		63B2BB9C22A6F90900FCC064 /* Optimizer.swift */ = {isa = PBXFileReference; lastKnownFileType = sourcecode.swift; path = Optimizer.swift; sourceTree = "<group>"; };
		63C1C6F222A6F4CC00DAB1E6 /* Position.swift */ = {isa = PBXFileReference; lastKnownFileType = sourcecode.swift; path = Position.swift; sourceTree = "<group>"; };
		63D6B36B22D7CB0500F82F77 /* Transfer.swift */ = {isa = PBXFileReference; lastKnownFileType = sourcecode.swift; path = Transfer.swift; sourceTree = "<group>"; };
		63F3661822A40D620005FCC0 /* FPL Optimizer */ = {isa = PBXFileReference; explicitFileType = "compiled.mach-o.executable"; includeInIndex = 0; path = "FPL Optimizer"; sourceTree = BUILT_PRODUCTS_DIR; };
		63F3661B22A40D620005FCC0 /* main.swift */ = {isa = PBXFileReference; lastKnownFileType = sourcecode.swift; path = main.swift; sourceTree = "<group>"; };
		63F3662422A40DA00005FCC0 /* Prediction.swift */ = {isa = PBXFileReference; lastKnownFileType = sourcecode.swift; path = Prediction.swift; sourceTree = "<group>"; usesTabs = 0; };
/* End PBXFileReference section */

/* Begin PBXFrameworksBuildPhase section */
		63F3661522A40D620005FCC0 /* Frameworks */ = {
			isa = PBXFrameworksBuildPhase;
			buildActionMask = 2147483647;
			files = (
			);
			runOnlyForDeploymentPostprocessing = 0;
		};
/* End PBXFrameworksBuildPhase section */

/* Begin PBXGroup section */
		63B2BB9B22A6F89F00FCC064 /* Service */ = {
			isa = PBXGroup;
			children = (
				63B2BB9C22A6F90900FCC064 /* Optimizer.swift */,
			);
			path = Service;
			sourceTree = "<group>";
		};
		63F3660F22A40D620005FCC0 = {
			isa = PBXGroup;
			children = (
				63F3661A22A40D620005FCC0 /* FPLOptimizer */,
				63F3661922A40D620005FCC0 /* Products */,
			);
			sourceTree = "<group>";
		};
		63F3661922A40D620005FCC0 /* Products */ = {
			isa = PBXGroup;
			children = (
				63F3661822A40D620005FCC0 /* FPL Optimizer */,
			);
			name = Products;
			sourceTree = "<group>";
		};
		63F3661A22A40D620005FCC0 /* FPLOptimizer */ = {
			isa = PBXGroup;
			children = (
				63F3662222A40D820005FCC0 /* Source */,
				63F3661B22A40D620005FCC0 /* main.swift */,
			);
			path = FPLOptimizer;
			sourceTree = "<group>";
		};
		63F3662222A40D820005FCC0 /* Source */ = {
			isa = PBXGroup;
			children = (
				63B2BB9B22A6F89F00FCC064 /* Service */,
				63F3662322A40D880005FCC0 /* Data */,
			);
			path = Source;
			sourceTree = "<group>";
		};
		63F3662322A40D880005FCC0 /* Data */ = {
			isa = PBXGroup;
			children = (
				6300AA4522CE708E00D13B66 /* Team.swift */,
				63A3275122C3F4A400F7D149 /* Squad.swift */,
				63F3662422A40DA00005FCC0 /* Prediction.swift */,
				63C1C6F222A6F4CC00DAB1E6 /* Position.swift */,
				63B2052E22A6F6B5006957C2 /* Player.swift */,
				63D6B36B22D7CB0500F82F77 /* Transfer.swift */,
			);
			path = Data;
			sourceTree = "<group>";
		};
/* End PBXGroup section */

/* Begin PBXNativeTarget section */
		63F3661722A40D620005FCC0 /* FPL Optimizer */ = {
			isa = PBXNativeTarget;
			buildConfigurationList = 63F3661F22A40D620005FCC0 /* Build configuration list for PBXNativeTarget "FPL Optimizer" */;
			buildPhases = (
				63F3661422A40D620005FCC0 /* Sources */,
				63F3661522A40D620005FCC0 /* Frameworks */,
				63F3661622A40D620005FCC0 /* CopyFiles */,
			);
			buildRules = (
			);
			dependencies = (
			);
			name = "FPL Optimizer";
			productName = "FPL Optimizer";
			productReference = 63F3661822A40D620005FCC0 /* FPL Optimizer */;
			productType = "com.apple.product-type.tool";
		};
/* End PBXNativeTarget section */

/* Begin PBXProject section */
		63F3661022A40D620005FCC0 /* Project object */ = {
			isa = PBXProject;
			attributes = {
				LastSwiftUpdateCheck = 1010;
				LastUpgradeCheck = 1010;
				ORGANIZATIONNAME = Plastonick;
				TargetAttributes = {
					63F3661722A40D620005FCC0 = {
						CreatedOnToolsVersion = 10.1;
					};
				};
			};
			buildConfigurationList = 63F3661322A40D620005FCC0 /* Build configuration list for PBXProject "FPLOptimizer" */;
			compatibilityVersion = "Xcode 9.3";
			developmentRegion = en;
			hasScannedForEncodings = 0;
			knownRegions = (
				en,
			);
			mainGroup = 63F3660F22A40D620005FCC0;
			productRefGroup = 63F3661922A40D620005FCC0 /* Products */;
			projectDirPath = "";
			projectRoot = "";
			targets = (
				63F3661722A40D620005FCC0 /* FPL Optimizer */,
			);
		};
/* End PBXProject section */

/* Begin PBXSourcesBuildPhase section */
		63F3661422A40D620005FCC0 /* Sources */ = {
			isa = PBXSourcesBuildPhase;
			buildActionMask = 2147483647;
			files = (
				63A3275222C3F4A400F7D149 /* Squad.swift in Sources */,
				63B2052F22A6F6B5006957C2 /* Player.swift in Sources */,
				6300AA4622CE708E00D13B66 /* Team.swift in Sources */,
				63F3661C22A40D620005FCC0 /* main.swift in Sources */,
				63B2BB9D22A6F90900FCC064 /* Optimizer.swift in Sources */,
				63F3662522A40DA00005FCC0 /* Prediction.swift in Sources */,
				63D6B36C22D7CB0500F82F77 /* Transfer.swift in Sources */,
				63C1C6F322A6F4CC00DAB1E6 /* Position.swift in Sources */,
			);
			runOnlyForDeploymentPostprocessing = 0;
		};
/* End PBXSourcesBuildPhase section */

/* Begin XCBuildConfiguration section */
		63F3661D22A40D620005FCC0 /* Debug */ = {
			isa = XCBuildConfiguration;
			buildSettings = {
				ALWAYS_SEARCH_USER_PATHS = NO;
				CLANG_ANALYZER_NONNULL = YES;
				CLANG_ANALYZER_NUMBER_OBJECT_CONVERSION = YES_AGGRESSIVE;
				CLANG_CXX_LANGUAGE_STANDARD = "gnu++14";
				CLANG_CXX_LIBRARY = "libc++";
				CLANG_ENABLE_MODULES = YES;
				CLANG_ENABLE_OBJC_ARC = YES;
				CLANG_ENABLE_OBJC_WEAK = YES;
				CLANG_WARN_BLOCK_CAPTURE_AUTORELEASING = YES;
				CLANG_WARN_BOOL_CONVERSION = YES;
				CLANG_WARN_COMMA = YES;
				CLANG_WARN_CONSTANT_CONVERSION = YES;
				CLANG_WARN_DEPRECATED_OBJC_IMPLEMENTATIONS = YES;
				CLANG_WARN_DIRECT_OBJC_ISA_USAGE = YES_ERROR;
				CLANG_WARN_DOCUMENTATION_COMMENTS = YES;
				CLANG_WARN_EMPTY_BODY = YES;
				CLANG_WARN_ENUM_CONVERSION = YES;
				CLANG_WARN_INFINITE_RECURSION = YES;
				CLANG_WARN_INT_CONVERSION = YES;
				CLANG_WARN_NON_LITERAL_NULL_CONVERSION = YES;
				CLANG_WARN_OBJC_IMPLICIT_RETAIN_SELF = YES;
				CLANG_WARN_OBJC_LITERAL_CONVERSION = YES;
				CLANG_WARN_OBJC_ROOT_CLASS = YES_ERROR;
				CLANG_WARN_RANGE_LOOP_ANALYSIS = YES;
				CLANG_WARN_STRICT_PROTOTYPES = YES;
				CLANG_WARN_SUSPICIOUS_MOVE = YES;
				CLANG_WARN_UNGUARDED_AVAILABILITY = YES_AGGRESSIVE;
				CLANG_WARN_UNREACHABLE_CODE = YES;
				CLANG_WARN__DUPLICATE_METHOD_MATCH = YES;
				CODE_SIGN_IDENTITY = "-";
				COPY_PHASE_STRIP = NO;
				DEBUG_INFORMATION_FORMAT = dwarf;
				ENABLE_STRICT_OBJC_MSGSEND = YES;
				ENABLE_TESTABILITY = YES;
				GCC_C_LANGUAGE_STANDARD = gnu11;
				GCC_DYNAMIC_NO_PIC = NO;
				GCC_NO_COMMON_BLOCKS = YES;
				GCC_OPTIMIZATION_LEVEL = 0;
				GCC_PREPROCESSOR_DEFINITIONS = (
					"DEBUG=1",
					"$(inherited)",
				);
				GCC_WARN_64_TO_32_BIT_CONVERSION = YES;
				GCC_WARN_ABOUT_RETURN_TYPE = YES_ERROR;
				GCC_WARN_UNDECLARED_SELECTOR = YES;
				GCC_WARN_UNINITIALIZED_AUTOS = YES_AGGRESSIVE;
				GCC_WARN_UNUSED_FUNCTION = YES;
				GCC_WARN_UNUSED_VARIABLE = YES;
				MACOSX_DEPLOYMENT_TARGET = 10.13;
				MTL_ENABLE_DEBUG_INFO = INCLUDE_SOURCE;
				MTL_FAST_MATH = YES;
				ONLY_ACTIVE_ARCH = YES;
				SDKROOT = macosx;
				SWIFT_ACTIVE_COMPILATION_CONDITIONS = DEBUG;
				SWIFT_OPTIMIZATION_LEVEL = "-Onone";
			};
			name = Debug;
		};
		63F3661E22A40D620005FCC0 /* Release */ = {
			isa = XCBuildConfiguration;
			buildSettings = {
				ALWAYS_SEARCH_USER_PATHS = NO;
				CLANG_ANALYZER_NONNULL = YES;
				CLANG_ANALYZER_NUMBER_OBJECT_CONVERSION = YES_AGGRESSIVE;
				CLANG_CXX_LANGUAGE_STANDARD = "gnu++14";
				CLANG_CXX_LIBRARY = "libc++";
				CLANG_ENABLE_MODULES = YES;
				CLANG_ENABLE_OBJC_ARC = YES;
				CLANG_ENABLE_OBJC_WEAK = YES;
				CLANG_WARN_BLOCK_CAPTURE_AUTORELEASING = YES;
				CLANG_WARN_BOOL_CONVERSION = YES;
				CLANG_WARN_COMMA = YES;
				CLANG_WARN_CONSTANT_CONVERSION = YES;
				CLANG_WARN_DEPRECATED_OBJC_IMPLEMENTATIONS = YES;
				CLANG_WARN_DIRECT_OBJC_ISA_USAGE = YES_ERROR;
				CLANG_WARN_DOCUMENTATION_COMMENTS = YES;
				CLANG_WARN_EMPTY_BODY = YES;
				CLANG_WARN_ENUM_CONVERSION = YES;
				CLANG_WARN_INFINITE_RECURSION = YES;
				CLANG_WARN_INT_CONVERSION = YES;
				CLANG_WARN_NON_LITERAL_NULL_CONVERSION = YES;
				CLANG_WARN_OBJC_IMPLICIT_RETAIN_SELF = YES;
				CLANG_WARN_OBJC_LITERAL_CONVERSION = YES;
				CLANG_WARN_OBJC_ROOT_CLASS = YES_ERROR;
				CLANG_WARN_RANGE_LOOP_ANALYSIS = YES;
				CLANG_WARN_STRICT_PROTOTYPES = YES;
				CLANG_WARN_SUSPICIOUS_MOVE = YES;
				CLANG_WARN_UNGUARDED_AVAILABILITY = YES_AGGRESSIVE;
				CLANG_WARN_UNREACHABLE_CODE = YES;
				CLANG_WARN__DUPLICATE_METHOD_MATCH = YES;
				CODE_SIGN_IDENTITY = "-";
				COPY_PHASE_STRIP = NO;
				DEBUG_INFORMATION_FORMAT = "dwarf-with-dsym";
				ENABLE_NS_ASSERTIONS = NO;
				ENABLE_STRICT_OBJC_MSGSEND = YES;
				GCC_C_LANGUAGE_STANDARD = gnu11;
				GCC_NO_COMMON_BLOCKS = YES;
				GCC_WARN_64_TO_32_BIT_CONVERSION = YES;
				GCC_WARN_ABOUT_RETURN_TYPE = YES_ERROR;
				GCC_WARN_UNDECLARED_SELECTOR = YES;
				GCC_WARN_UNINITIALIZED_AUTOS = YES_AGGRESSIVE;
				GCC_WARN_UNUSED_FUNCTION = YES;
				GCC_WARN_UNUSED_VARIABLE = YES;
				MACOSX_DEPLOYMENT_TARGET = 10.13;
				MTL_ENABLE_DEBUG_INFO = NO;
				MTL_FAST_MATH = YES;
				SDKROOT = macosx;
				SWIFT_COMPILATION_MODE = wholemodule;
				SWIFT_OPTIMIZATION_LEVEL = "-O";
			};
			name = Release;
		};
		63F3662022A40D620005FCC0 /* Debug */ = {
			isa = XCBuildConfiguration;
			buildSettings = {
				CODE_SIGN_STYLE = Automatic;
				PRODUCT_NAME = "$(TARGET_NAME)";
				SWIFT_VERSION = 4.2;
			};
			name = Debug;
		};
		63F3662122A40D620005FCC0 /* Release */ = {
			isa = XCBuildConfiguration;
			buildSettings = {
				CODE_SIGN_STYLE = Automatic;
				PRODUCT_NAME = "$(TARGET_NAME)";
				SWIFT_VERSION = 4.2;
			};
			name = Release;
		};
/* End XCBuildConfiguration section */

/* Begin XCConfigurationList section */
		63F3661322A40D620005FCC0 /* Build configuration list for PBXProject "FPLOptimizer" */ = {
			isa = XCConfigurationList;
			buildConfigurations = (
				63F3661D22A40D620005FCC0 /* Debug */,
				63F3661E22A40D620005FCC0 /* Release */,
			);
			defaultConfigurationIsVisible = 0;
			defaultConfigurationName = Release;
		};
		63F3661F22A40D620005FCC0 /* Build configuration list for PBXNativeTarget "FPL Optimizer" */ = {
			isa = XCConfigurationList;
			buildConfigurations = (
				63F3662022A40D620005FCC0 /* Debug */,
				63F3662122A40D620005FCC0 /* Release */,
			);
			defaultConfigurationIsVisible = 0;
			defaultConfigurationName = Release;
		};
/* End XCConfigurationList section */
	};
	rootObject = 63F3661022A40D620005FCC0 /* Project object */;
}
